
Microsoft Visual Studio Solution File, Format Version 12.00
# Visual Studio Version 16
VisualStudioVersion = 16.0.32002.261
MinimumVisualStudioVersion = 10.0.40219.1
Project("{FAE04EC0-301F-11D3-BF4B-00C04F79EFBC}") = "ImageMeasurementApp", "ImageMeasurementApp\ImageMeasurementApp.csproj", "{39A5C243-7FD2-414C-A3CC-D6ED50BF2014}"
EndProject
Global
	GlobalSection(SolutionConfigurationPlatforms) = preSolution
		Debug|Any CPU = Debug|Any CPU
		Release|Any CPU = Release|Any CPU
	EndGlobalSection
	GlobalSection(ProjectConfigurationPlatforms) = postSolution
		{39A5C243-7FD2-414C-A3CC-D6ED50BF2014}.Debug|Any CPU.ActiveCfg = Debug|Any CPU
		{39A5C243-7FD2-414C-A3CC-D6ED50BF2014}.Debug|Any CPU.Build.0 = Debug|Any CPU
		{39A5C243-7FD2-414C-A3CC-D6ED50BF2014}.Release|Any CPU.ActiveCfg = Release|Any CPU
		{39A5C243-7FD2-414C-A3CC-D6ED50BF2014}.Release|Any CPU.Build.0 = Release|Any CPU
	EndGlobalSection
	GlobalSection(SolutionProperties) = preSolution
		HideSolutionNode = FALSE
	EndGlobalSection
	GlobalSection(ExtensibilityGlobals) = postSolution
		SolutionGuid = {A2EEB259-8504-45D9-8E46-6871DF57B663}
	EndGlobalSection
EndGlobal
