
Microsoft Visual Studio Solution File, Format Version 12.00
# Visual Studio Version 16
VisualStudioVersion = 16.0.32002.261
MinimumVisualStudioVersion = 10.0.40219.1
Project("{FAE04EC0-301F-11D3-BF4B-00C04F79EFBC}") = "ImageMeasurementApp", "ImageMeasurementApp\ImageMeasurementApp.csproj", "{F9E8B203-1168-4AF7-8418-65CF80EAAAF5}"
EndProject
Global
	GlobalSection(SolutionConfigurationPlatforms) = preSolution
		Debug|Any CPU = Debug|Any CPU
		Release|Any CPU = Release|Any CPU
	EndGlobalSection
	GlobalSection(ProjectConfigurationPlatforms) = postSolution
		{F9E8B203-1168-4AF7-8418-65CF80EAAAF5}.Debug|Any CPU.ActiveCfg = Debug|Any CPU
		{F9E8B203-1168-4AF7-8418-65CF80EAAAF5}.Debug|Any CPU.Build.0 = Debug|Any CPU
		{F9E8B203-1168-4AF7-8418-65CF80EAAAF5}.Release|Any CPU.ActiveCfg = Release|Any CPU
		{F9E8B203-1168-4AF7-8418-65CF80EAAAF5}.Release|Any CPU.Build.0 = Release|Any CPU
	EndGlobalSection
	GlobalSection(SolutionProperties) = preSolution
		HideSolutionNode = FALSE
	EndGlobalSection
	GlobalSection(ExtensibilityGlobals) = postSolution
		SolutionGuid = {F5286609-4CBF-4296-A7E6-BF1FE3AE5B52}
	EndGlobalSection
EndGlobal
